
Microsoft Visual Studio Solution File, Format Version 12.00
# Visual Studio Version 17
VisualStudioVersion = 17.10.35013.160
MinimumVisualStudioVersion = 10.0.40219.1
Project("{FAE04EC0-301F-11D3-BF4B-00C04F79EFBC}") = "RunPEBuilder", "RunPEBuilder\RunPEBuilder.csproj", "{A9E225CB-8398-4FFE-B76B-FC8F62E08506}"
EndProject
Global
	GlobalSection(SolutionConfigurationPlatforms) = preSolution
		Debug|Any CPU = Debug|Any CPU
		Release|Any CPU = Release|Any CPU
	EndGlobalSection
	GlobalSection(ProjectConfigurationPlatforms) = postSolution
		{A9E225CB-8398-4FFE-B76B-FC8F62E08506}.Debug|Any CPU.ActiveCfg = Debug|Any CPU
		{A9E225CB-8398-4FFE-B76B-FC8F62E08506}.Debug|Any CPU.Build.0 = Debug|Any CPU
		{A9E225CB-8398-4FFE-B76B-FC8F62E08506}.Release|Any CPU.ActiveCfg = Release|Any CPU
		{A9E225CB-8398-4FFE-B76B-FC8F62E08506}.Release|Any CPU.Build.0 = Release|Any CPU
	EndGlobalSection
	GlobalSection(SolutionProperties) = preSolution
		HideSolutionNode = FALSE
	EndGlobalSection
	GlobalSection(ExtensibilityGlobals) = postSolution
		SolutionGuid = {15CED310-6737-4A53-A77A-5587CC2E2EDB}
	EndGlobalSection
EndGlobal
